// !$*UTF8*$!
{
	archiveVersion = 1;
	classes = {
	};
	objectVersion = 48;
	objects = {

/* Begin PBXBuildFile section */
		4E0C48F41FBD9CF300C7A36B /* AppDelegate.swift in Sources */ = {isa = PBXBuildFile; fileRef = 4E0C48F31FBD9CF300C7A36B /* AppDelegate.swift */; };
		4E0C48F61FBD9CF300C7A36B /* ViewController.swift in Sources */ = {isa = PBXBuildFile; fileRef = 4E0C48F51FBD9CF300C7A36B /* ViewController.swift */; };
		4E0C48F91FBD9CF300C7A36B /* Main.storyboard in Resources */ = {isa = PBXBuildFile; fileRef = 4E0C48F71FBD9CF300C7A36B /* Main.storyboard */; };
		4E0C48FB1FBD9CF300C7A36B /* Assets.xcassets in Resources */ = {isa = PBXBuildFile; fileRef = 4E0C48FA1FBD9CF300C7A36B /* Assets.xcassets */; };
		4E0C48FE1FBD9CF300C7A36B /* LaunchScreen.storyboard in Resources */ = {isa = PBXBuildFile; fileRef = 4E0C48FC1FBD9CF300C7A36B /* LaunchScreen.storyboard */; };
		4E0C49091FBD9CF300C7A36B /* arsampleTests.swift in Sources */ = {isa = PBXBuildFile; fileRef = 4E0C49081FBD9CF300C7A36B /* arsampleTests.swift */; };
		4E0C49141FBD9CF300C7A36B /* arsampleUITests.swift in Sources */ = {isa = PBXBuildFile; fileRef = 4E0C49131FBD9CF300C7A36B /* arsampleUITests.swift */; };
		4E0C49321FBDA85100C7A36B /* art.scnassets in Resources */ = {isa = PBXBuildFile; fileRef = 4E0C49311FBDA85100C7A36B /* art.scnassets */; };
/* End PBXBuildFile section */

/* Begin PBXContainerItemProxy section */
		4E0C49051FBD9CF300C7A36B /* PBXContainerItemProxy */ = {
			isa = PBXContainerItemProxy;
			containerPortal = 4E0C48E81FBD9CF300C7A36B /* Project object */;
			proxyType = 1;
			remoteGlobalIDString = 4E0C48EF1FBD9CF300C7A36B;
			remoteInfo = arsample;
		};
		4E0C49101FBD9CF300C7A36B /* PBXContainerItemProxy */ = {
			isa = PBXContainerItemProxy;
			containerPortal = 4E0C48E81FBD9CF300C7A36B /* Project object */;
			proxyType = 1;
			remoteGlobalIDString = 4E0C48EF1FBD9CF300C7A36B;
			remoteInfo = arsample;
		};
/* End PBXContainerItemProxy section */

/* Begin PBXFileReference section */
		4E0C48F01FBD9CF300C7A36B /* arsample.app */ = {isa = PBXFileReference; explicitFileType = wrapper.application; includeInIndex = 0; path = arsample.app; sourceTree = BUILT_PRODUCTS_DIR; };
		4E0C48F31FBD9CF300C7A36B /* AppDelegate.swift */ = {isa = PBXFileReference; lastKnownFileType = sourcecode.swift; path = AppDelegate.swift; sourceTree = "<group>"; };
		4E0C48F51FBD9CF300C7A36B /* ViewController.swift */ = {isa = PBXFileReference; lastKnownFileType = sourcecode.swift; path = ViewController.swift; sourceTree = "<group>"; };
		4E0C48F81FBD9CF300C7A36B /* Base */ = {isa = PBXFileReference; lastKnownFileType = file.storyboard; name = Base; path = Base.lproj/Main.storyboard; sourceTree = "<group>"; };
		4E0C48FA1FBD9CF300C7A36B /* Assets.xcassets */ = {isa = PBXFileReference; lastKnownFileType = folder.assetcatalog; path = Assets.xcassets; sourceTree = "<group>"; };
		4E0C48FD1FBD9CF300C7A36B /* Base */ = {isa = PBXFileReference; lastKnownFileType = file.storyboard; name = Base; path = Base.lproj/LaunchScreen.storyboard; sourceTree = "<group>"; };
		4E0C48FF1FBD9CF300C7A36B /* Info.plist */ = {isa = PBXFileReference; lastKnownFileType = text.plist.xml; path = Info.plist; sourceTree = "<group>"; };
		4E0C49041FBD9CF300C7A36B /* arsampleTests.xctest */ = {isa = PBXFileReference; explicitFileType = wrapper.cfbundle; includeInIndex = 0; path = arsampleTests.xctest; sourceTree = BUILT_PRODUCTS_DIR; };
		4E0C49081FBD9CF300C7A36B /* arsampleTests.swift */ = {isa = PBXFileReference; lastKnownFileType = sourcecode.swift; path = arsampleTests.swift; sourceTree = "<group>"; };
		4E0C490A1FBD9CF300C7A36B /* Info.plist */ = {isa = PBXFileReference; lastKnownFileType = text.plist.xml; path = Info.plist; sourceTree = "<group>"; };
		4E0C490F1FBD9CF300C7A36B /* arsampleUITests.xctest */ = {isa = PBXFileReference; explicitFileType = wrapper.cfbundle; includeInIndex = 0; path = arsampleUITests.xctest; sourceTree = BUILT_PRODUCTS_DIR; };
		4E0C49131FBD9CF300C7A36B /* arsampleUITests.swift */ = {isa = PBXFileReference; lastKnownFileType = sourcecode.swift; path = arsampleUITests.swift; sourceTree = "<group>"; };
		4E0C49151FBD9CF300C7A36B /* Info.plist */ = {isa = PBXFileReference; lastKnownFileType = text.plist.xml; path = Info.plist; sourceTree = "<group>"; };
		4E0C49311FBDA85100C7A36B /* art.scnassets */ = {isa = PBXFileReference; lastKnownFileType = wrapper.scnassets; path = art.scnassets; sourceTree = "<group>"; };
/* End PBXFileReference section */

/* Begin PBXFrameworksBuildPhase section */
		4E0C48ED1FBD9CF300C7A36B /* Frameworks */ = {
			isa = PBXFrameworksBuildPhase;
			buildActionMask = 2147483647;
			files = (
			);
			runOnlyForDeploymentPostprocessing = 0;
		};
		4E0C49011FBD9CF300C7A36B /* Frameworks */ = {
			isa = PBXFrameworksBuildPhase;
			buildActionMask = 2147483647;
			files = (
			);
			runOnlyForDeploymentPostprocessing = 0;
		};
		4E0C490C1FBD9CF300C7A36B /* Frameworks */ = {
			isa = PBXFrameworksBuildPhase;
			buildActionMask = 2147483647;
			files = (
			);
			runOnlyForDeploymentPostprocessing = 0;
		};
/* End PBXFrameworksBuildPhase section */

/* Begin PBXGroup section */
		4E0C48E71FBD9CF300C7A36B = {
			isa = PBXGroup;
			children = (
				4E0C48F21FBD9CF300C7A36B /* arsample */,
				4E0C49071FBD9CF300C7A36B /* arsampleTests */,
				4E0C49121FBD9CF300C7A36B /* arsampleUITests */,
				4E0C48F11FBD9CF300C7A36B /* Products */,
			);
			sourceTree = "<group>";
		};
		4E0C48F11FBD9CF300C7A36B /* Products */ = {
			isa = PBXGroup;
			children = (
				4E0C48F01FBD9CF300C7A36B /* arsample.app */,
				4E0C49041FBD9CF300C7A36B /* arsampleTests.xctest */,
				4E0C490F1FBD9CF300C7A36B /* arsampleUITests.xctest */,
			);
			name = Products;
			sourceTree = "<group>";
		};
		4E0C48F21FBD9CF300C7A36B /* arsample */ = {
			isa = PBXGroup;
			children = (
				4E0C49311FBDA85100C7A36B /* art.scnassets */,
				4E0C48F31FBD9CF300C7A36B /* AppDelegate.swift */,
				4E0C48F51FBD9CF300C7A36B /* ViewController.swift */,
				4E0C48F71FBD9CF300C7A36B /* Main.storyboard */,
				4E0C48FA1FBD9CF300C7A36B /* Assets.xcassets */,
				4E0C48FC1FBD9CF300C7A36B /* LaunchScreen.storyboard */,
				4E0C48FF1FBD9CF300C7A36B /* Info.plist */,
			);
			path = arsample;
			sourceTree = "<group>";
		};
		4E0C49071FBD9CF300C7A36B /* arsampleTests */ = {
			isa = PBXGroup;
			children = (
				4E0C49081FBD9CF300C7A36B /* arsampleTests.swift */,
				4E0C490A1FBD9CF300C7A36B /* Info.plist */,
			);
			path = arsampleTests;
			sourceTree = "<group>";
		};
		4E0C49121FBD9CF300C7A36B /* arsampleUITests */ = {
			isa = PBXGroup;
			children = (
				4E0C49131FBD9CF300C7A36B /* arsampleUITests.swift */,
				4E0C49151FBD9CF300C7A36B /* Info.plist */,
			);
			path = arsampleUITests;
			sourceTree = "<group>";
		};
/* End PBXGroup section */

/* Begin PBXNativeTarget section */
		4E0C48EF1FBD9CF300C7A36B /* arsample */ = {
			isa = PBXNativeTarget;
			buildConfigurationList = 4E0C49181FBD9CF300C7A36B /* Build configuration list for PBXNativeTarget "arsample" */;
			buildPhases = (
				4E0C48EC1FBD9CF300C7A36B /* Sources */,
				4E0C48ED1FBD9CF300C7A36B /* Frameworks */,
				4E0C48EE1FBD9CF300C7A36B /* Resources */,
			);
			buildRules = (
			);
			dependencies = (
			);
			name = arsample;
			productName = arsample;
			productReference = 4E0C48F01FBD9CF300C7A36B /* arsample.app */;
			productType = "com.apple.product-type.application";
		};
		4E0C49031FBD9CF300C7A36B /* arsampleTests */ = {
			isa = PBXNativeTarget;
			buildConfigurationList = 4E0C491B1FBD9CF300C7A36B /* Build configuration list for PBXNativeTarget "arsampleTests" */;
			buildPhases = (
				4E0C49001FBD9CF300C7A36B /* Sources */,
				4E0C49011FBD9CF300C7A36B /* Frameworks */,
				4E0C49021FBD9CF300C7A36B /* Resources */,
			);
			buildRules = (
			);
			dependencies = (
				4E0C49061FBD9CF300C7A36B /* PBXTargetDependency */,
			);
			name = arsampleTests;
			productName = arsampleTests;
			productReference = 4E0C49041FBD9CF300C7A36B /* arsampleTests.xctest */;
			productType = "com.apple.product-type.bundle.unit-test";
		};
		4E0C490E1FBD9CF300C7A36B /* arsampleUITests */ = {
			isa = PBXNativeTarget;
			buildConfigurationList = 4E0C491E1FBD9CF300C7A36B /* Build configuration list for PBXNativeTarget "arsampleUITests" */;
			buildPhases = (
				4E0C490B1FBD9CF300C7A36B /* Sources */,
				4E0C490C1FBD9CF300C7A36B /* Frameworks */,
				4E0C490D1FBD9CF300C7A36B /* Resources */,
			);
			buildRules = (
			);
			dependencies = (
				4E0C49111FBD9CF300C7A36B /* PBXTargetDependency */,
			);
			name = arsampleUITests;
			productName = arsampleUITests;
			productReference = 4E0C490F1FBD9CF300C7A36B /* arsampleUITests.xctest */;
			productType = "com.apple.product-type.bundle.ui-testing";
		};
/* End PBXNativeTarget section */

/* Begin PBXProject section */
		4E0C48E81FBD9CF300C7A36B /* Project object */ = {
			isa = PBXProject;
			attributes = {
				LastSwiftUpdateCheck = 0910;
				LastUpgradeCheck = 0910;
				ORGANIZATIONNAME = "Shinji Hayai";
				TargetAttributes = {
					4E0C48EF1FBD9CF300C7A36B = {
						CreatedOnToolsVersion = 9.1;
						ProvisioningStyle = Automatic;
					};
					4E0C49031FBD9CF300C7A36B = {
						CreatedOnToolsVersion = 9.1;
						ProvisioningStyle = Automatic;
						TestTargetID = 4E0C48EF1FBD9CF300C7A36B;
					};
					4E0C490E1FBD9CF300C7A36B = {
						CreatedOnToolsVersion = 9.1;
						ProvisioningStyle = Automatic;
						TestTargetID = 4E0C48EF1FBD9CF300C7A36B;
					};
				};
			};
			buildConfigurationList = 4E0C48EB1FBD9CF300C7A36B /* Build configuration list for PBXProject "arsample" */;
			compatibilityVersion = "Xcode 8.0";
			developmentRegion = en;
			hasScannedForEncodings = 0;
			knownRegions = (
				en,
				Base,
			);
			mainGroup = 4E0C48E71FBD9CF300C7A36B;
			productRefGroup = 4E0C48F11FBD9CF300C7A36B /* Products */;
			projectDirPath = "";
			projectRoot = "";
			targets = (
				4E0C48EF1FBD9CF300C7A36B /* arsample */,
				4E0C49031FBD9CF300C7A36B /* arsampleTests */,
				4E0C490E1FBD9CF300C7A36B /* arsampleUITests */,
			);
		};
/* End PBXProject section */

/* Begin PBXResourcesBuildPhase section */
		4E0C48EE1FBD9CF300C7A36B /* Resources */ = {
			isa = PBXResourcesBuildPhase;
			buildActionMask = 2147483647;
			files = (
				4E0C48FE1FBD9CF300C7A36B /* LaunchScreen.storyboard in Resources */,
				4E0C49321FBDA85100C7A36B /* art.scnassets in Resources */,
				4E0C48FB1FBD9CF300C7A36B /* Assets.xcassets in Resources */,
				4E0C48F91FBD9CF300C7A36B /* Main.storyboard in Resources */,
			);
			runOnlyForDeploymentPostprocessing = 0;
		};
		4E0C49021FBD9CF300C7A36B /* Resources */ = {
			isa = PBXResourcesBuildPhase;
			buildActionMask = 2147483647;
			files = (
			);
			runOnlyForDeploymentPostprocessing = 0;
		};
		4E0C490D1FBD9CF300C7A36B /* Resources */ = {
			isa = PBXResourcesBuildPhase;
			buildActionMask = 2147483647;
			files = (
			);
			runOnlyForDeploymentPostprocessing = 0;
		};
/* End PBXResourcesBuildPhase section */

/* Begin PBXSourcesBuildPhase section */
		4E0C48EC1FBD9CF300C7A36B /* Sources */ = {
			isa = PBXSourcesBuildPhase;
			buildActionMask = 2147483647;
			files = (
				4E0C48F61FBD9CF300C7A36B /* ViewController.swift in Sources */,
				4E0C48F41FBD9CF300C7A36B /* AppDelegate.swift in Sources */,
			);
			runOnlyForDeploymentPostprocessing = 0;
		};
		4E0C49001FBD9CF300C7A36B /* Sources */ = {
			isa = PBXSourcesBuildPhase;
			buildActionMask = 2147483647;
			files = (
				4E0C49091FBD9CF300C7A36B /* arsampleTests.swift in Sources */,
			);
			runOnlyForDeploymentPostprocessing = 0;
		};
		4E0C490B1FBD9CF300C7A36B /* Sources */ = {
			isa = PBXSourcesBuildPhase;
			buildActionMask = 2147483647;
			files = (
				4E0C49141FBD9CF300C7A36B /* arsampleUITests.swift in Sources */,
			);
			runOnlyForDeploymentPostprocessing = 0;
		};
/* End PBXSourcesBuildPhase section */

/* Begin PBXTargetDependency section */
		4E0C49061FBD9CF300C7A36B /* PBXTargetDependency */ = {
			isa = PBXTargetDependency;
			target = 4E0C48EF1FBD9CF300C7A36B /* arsample */;
			targetProxy = 4E0C49051FBD9CF300C7A36B /* PBXContainerItemProxy */;
		};
		4E0C49111FBD9CF300C7A36B /* PBXTargetDependency */ = {
			isa = PBXTargetDependency;
			target = 4E0C48EF1FBD9CF300C7A36B /* arsample */;
			targetProxy = 4E0C49101FBD9CF300C7A36B /* PBXContainerItemProxy */;
		};
/* End PBXTargetDependency section */

/* Begin PBXVariantGroup section */
		4E0C48F71FBD9CF300C7A36B /* Main.storyboard */ = {
			isa = PBXVariantGroup;
			children = (
				4E0C48F81FBD9CF300C7A36B /* Base */,
			);
			name = Main.storyboard;
			sourceTree = "<group>";
		};
		4E0C48FC1FBD9CF300C7A36B /* LaunchScreen.storyboard */ = {
			isa = PBXVariantGroup;
			children = (
				4E0C48FD1FBD9CF300C7A36B /* Base */,
			);
			name = LaunchScreen.storyboard;
			sourceTree = "<group>";
		};
/* End PBXVariantGroup section */

/* Begin XCBuildConfiguration section */
		4E0C49161FBD9CF300C7A36B /* Debug */ = {
			isa = XCBuildConfiguration;
			buildSettings = {
				ALWAYS_SEARCH_USER_PATHS = NO;
				CLANG_ANALYZER_NONNULL = YES;
				CLANG_ANALYZER_NUMBER_OBJECT_CONVERSION = YES_AGGRESSIVE;
				CLANG_CXX_LANGUAGE_STANDARD = "gnu++14";
				CLANG_CXX_LIBRARY = "libc++";
				CLANG_ENABLE_MODULES = YES;
				CLANG_ENABLE_OBJC_ARC = YES;
				CLANG_WARN_BLOCK_CAPTURE_AUTORELEASING = YES;
				CLANG_WARN_BOOL_CONVERSION = YES;
				CLANG_WARN_COMMA = YES;
				CLANG_WARN_CONSTANT_CONVERSION = YES;
				CLANG_WARN_DIRECT_OBJC_ISA_USAGE = YES_ERROR;
				CLANG_WARN_DOCUMENTATION_COMMENTS = YES;
				CLANG_WARN_EMPTY_BODY = YES;
				CLANG_WARN_ENUM_CONVERSION = YES;
				CLANG_WARN_INFINITE_RECURSION = YES;
				CLANG_WARN_INT_CONVERSION = YES;
				CLANG_WARN_NON_LITERAL_NULL_CONVERSION = YES;
				CLANG_WARN_OBJC_LITERAL_CONVERSION = YES;
				CLANG_WARN_OBJC_ROOT_CLASS = YES_ERROR;
				CLANG_WARN_RANGE_LOOP_ANALYSIS = YES;
				CLANG_WARN_STRICT_PROTOTYPES = YES;
				CLANG_WARN_SUSPICIOUS_MOVE = YES;
				CLANG_WARN_UNGUARDED_AVAILABILITY = YES_AGGRESSIVE;
				CLANG_WARN_UNREACHABLE_CODE = YES;
				CLANG_WARN__DUPLICATE_METHOD_MATCH = YES;
				CODE_SIGN_IDENTITY = "iPhone Developer";
				COPY_PHASE_STRIP = NO;
				DEBUG_INFORMATION_FORMAT = dwarf;
				ENABLE_STRICT_OBJC_MSGSEND = YES;
				ENABLE_TESTABILITY = YES;
				GCC_C_LANGUAGE_STANDARD = gnu11;
				GCC_DYNAMIC_NO_PIC = NO;
				GCC_NO_COMMON_BLOCKS = YES;
				GCC_OPTIMIZATION_LEVEL = 0;
				GCC_PREPROCESSOR_DEFINITIONS = (
					"DEBUG=1",
					"$(inherited)",
				);
				GCC_WARN_64_TO_32_BIT_CONVERSION = YES;
				GCC_WARN_ABOUT_RETURN_TYPE = YES_ERROR;
				GCC_WARN_UNDECLARED_SELECTOR = YES;
				GCC_WARN_UNINITIALIZED_AUTOS = YES_AGGRESSIVE;
				GCC_WARN_UNUSED_FUNCTION = YES;
				GCC_WARN_UNUSED_VARIABLE = YES;
				IPHONEOS_DEPLOYMENT_TARGET = 11.1;
				MTL_ENABLE_DEBUG_INFO = YES;
				ONLY_ACTIVE_ARCH = YES;
				SDKROOT = iphoneos;
				SWIFT_ACTIVE_COMPILATION_CONDITIONS = DEBUG;
				SWIFT_OPTIMIZATION_LEVEL = "-Onone";
			};
			name = Debug;
		};
		4E0C49171FBD9CF300C7A36B /* Release */ = {
			isa = XCBuildConfiguration;
			buildSettings = {
				ALWAYS_SEARCH_USER_PATHS = NO;
				CLANG_ANALYZER_NONNULL = YES;
				CLANG_ANALYZER_NUMBER_OBJECT_CONVERSION = YES_AGGRESSIVE;
				CLANG_CXX_LANGUAGE_STANDARD = "gnu++14";
				CLANG_CXX_LIBRARY = "libc++";
				CLANG_ENABLE_MODULES = YES;
				CLANG_ENABLE_OBJC_ARC = YES;
				CLANG_WARN_BLOCK_CAPTURE_AUTORELEASING = YES;
				CLANG_WARN_BOOL_CONVERSION = YES;
				CLANG_WARN_COMMA = YES;
				CLANG_WARN_CONSTANT_CONVERSION = YES;
				CLANG_WARN_DIRECT_OBJC_ISA_USAGE = YES_ERROR;
				CLANG_WARN_DOCUMENTATION_COMMENTS = YES;
				CLANG_WARN_EMPTY_BODY = YES;
				CLANG_WARN_ENUM_CONVERSION = YES;
				CLANG_WARN_INFINITE_RECURSION = YES;
				CLANG_WARN_INT_CONVERSION = YES;
				CLANG_WARN_NON_LITERAL_NULL_CONVERSION = YES;
				CLANG_WARN_OBJC_LITERAL_CONVERSION = YES;
				CLANG_WARN_OBJC_ROOT_CLASS = YES_ERROR;
				CLANG_WARN_RANGE_LOOP_ANALYSIS = YES;
				CLANG_WARN_STRICT_PROTOTYPES = YES;
				CLANG_WARN_SUSPICIOUS_MOVE = YES;
				CLANG_WARN_UNGUARDED_AVAILABILITY = YES_AGGRESSIVE;
				CLANG_WARN_UNREACHABLE_CODE = YES;
				CLANG_WARN__DUPLICATE_METHOD_MATCH = YES;
				CODE_SIGN_IDENTITY = "iPhone Developer";
				COPY_PHASE_STRIP = NO;
				DEBUG_INFORMATION_FORMAT = "dwarf-with-dsym";
				ENABLE_NS_ASSERTIONS = NO;
				ENABLE_STRICT_OBJC_MSGSEND = YES;
				GCC_C_LANGUAGE_STANDARD = gnu11;
				GCC_NO_COMMON_BLOCKS = YES;
				GCC_WARN_64_TO_32_BIT_CONVERSION = YES;
				GCC_WARN_ABOUT_RETURN_TYPE = YES_ERROR;
				GCC_WARN_UNDECLARED_SELECTOR = YES;
				GCC_WARN_UNINITIALIZED_AUTOS = YES_AGGRESSIVE;
				GCC_WARN_UNUSED_FUNCTION = YES;
				GCC_WARN_UNUSED_VARIABLE = YES;
				IPHONEOS_DEPLOYMENT_TARGET = 11.1;
				MTL_ENABLE_DEBUG_INFO = NO;
				SDKROOT = iphoneos;
				SWIFT_OPTIMIZATION_LEVEL = "-Owholemodule";
				VALIDATE_PRODUCT = YES;
			};
			name = Release;
		};
		4E0C49191FBD9CF300C7A36B /* Debug */ = {
			isa = XCBuildConfiguration;
			buildSettings = {
				ASSETCATALOG_COMPILER_APPICON_NAME = AppIcon;
				CODE_SIGN_STYLE = Automatic;
				DEVELOPMENT_TEAM = YQ7H54AM5Y;
				INFOPLIST_FILE = arsample/Info.plist;
				LD_RUNPATH_SEARCH_PATHS = "$(inherited) @executable_path/Frameworks";
				PRODUCT_BUNDLE_IDENTIFIER = com.shinjism.arsample;
				PRODUCT_NAME = "$(TARGET_NAME)";
				SWIFT_VERSION = 4.0;
				TARGETED_DEVICE_FAMILY = "1,2";
			};
			name = Debug;
		};
		4E0C491A1FBD9CF300C7A36B /* Release */ = {
			isa = XCBuildConfiguration;
			buildSettings = {
				ASSETCATALOG_COMPILER_APPICON_NAME = AppIcon;
				CODE_SIGN_STYLE = Automatic;
				DEVELOPMENT_TEAM = YQ7H54AM5Y;
				INFOPLIST_FILE = arsample/Info.plist;
				LD_RUNPATH_SEARCH_PATHS = "$(inherited) @executable_path/Frameworks";
				PRODUCT_BUNDLE_IDENTIFIER = com.shinjism.arsample;
				PRODUCT_NAME = "$(TARGET_NAME)";
				SWIFT_VERSION = 4.0;
				TARGETED_DEVICE_FAMILY = "1,2";
			};
			name = Release;
		};
		4E0C491C1FBD9CF300C7A36B /* Debug */ = {
			isa = XCBuildConfiguration;
			buildSettings = {
				ALWAYS_EMBED_SWIFT_STANDARD_LIBRARIES = YES;
				BUNDLE_LOADER = "$(TEST_HOST)";
				CODE_SIGN_STYLE = Automatic;
				DEVELOPMENT_TEAM = YQ7H54AM5Y;
				INFOPLIST_FILE = arsampleTests/Info.plist;
				LD_RUNPATH_SEARCH_PATHS = "$(inherited) @executable_path/Frameworks @loader_path/Frameworks";
				PRODUCT_BUNDLE_IDENTIFIER = com.shinjism.arsampleTests;
				PRODUCT_NAME = "$(TARGET_NAME)";
				SWIFT_VERSION = 4.0;
				TARGETED_DEVICE_FAMILY = "1,2";
				TEST_HOST = "$(BUILT_PRODUCTS_DIR)/arsample.app/arsample";
			};
			name = Debug;
		};
		4E0C491D1FBD9CF300C7A36B /* Release */ = {
			isa = XCBuildConfiguration;
			buildSettings = {
				ALWAYS_EMBED_SWIFT_STANDARD_LIBRARIES = YES;
				BUNDLE_LOADER = "$(TEST_HOST)";
				CODE_SIGN_STYLE = Automatic;
				DEVELOPMENT_TEAM = YQ7H54AM5Y;
				INFOPLIST_FILE = arsampleTests/Info.plist;
				LD_RUNPATH_SEARCH_PATHS = "$(inherited) @executable_path/Frameworks @loader_path/Frameworks";
				PRODUCT_BUNDLE_IDENTIFIER = com.shinjism.arsampleTests;
				PRODUCT_NAME = "$(TARGET_NAME)";
				SWIFT_VERSION = 4.0;
				TARGETED_DEVICE_FAMILY = "1,2";
				TEST_HOST = "$(BUILT_PRODUCTS_DIR)/arsample.app/arsample";
			};
			name = Release;
		};
		4E0C491F1FBD9CF300C7A36B /* Debug */ = {
			isa = XCBuildConfiguration;
			buildSettings = {
				ALWAYS_EMBED_SWIFT_STANDARD_LIBRARIES = YES;
				CODE_SIGN_STYLE = Automatic;
				DEVELOPMENT_TEAM = YQ7H54AM5Y;
				INFOPLIST_FILE = arsampleUITests/Info.plist;
				LD_RUNPATH_SEARCH_PATHS = "$(inherited) @executable_path/Frameworks @loader_path/Frameworks";
				PRODUCT_BUNDLE_IDENTIFIER = com.shinjism.arsampleUITests;
				PRODUCT_NAME = "$(TARGET_NAME)";
				SWIFT_VERSION = 4.0;
				TARGETED_DEVICE_FAMILY = "1,2";
				TEST_TARGET_NAME = arsample;
			};
			name = Debug;
		};
		4E0C49201FBD9CF300C7A36B /* Release */ = {
			isa = XCBuildConfiguration;
			buildSettings = {
				ALWAYS_EMBED_SWIFT_STANDARD_LIBRARIES = YES;
				CODE_SIGN_STYLE = Automatic;
				DEVELOPMENT_TEAM = YQ7H54AM5Y;
				INFOPLIST_FILE = arsampleUITests/Info.plist;
				LD_RUNPATH_SEARCH_PATHS = "$(inherited) @executable_path/Frameworks @loader_path/Frameworks";
				PRODUCT_BUNDLE_IDENTIFIER = com.shinjism.arsampleUITests;
				PRODUCT_NAME = "$(TARGET_NAME)";
				SWIFT_VERSION = 4.0;
				TARGETED_DEVICE_FAMILY = "1,2";
				TEST_TARGET_NAME = arsample;
			};
			name = Release;
		};
/* End XCBuildConfiguration section */

/* Begin XCConfigurationList section */
		4E0C48EB1FBD9CF300C7A36B /* Build configuration list for PBXProject "arsample" */ = {
			isa = XCConfigurationList;
			buildConfigurations = (
				4E0C49161FBD9CF300C7A36B /* Debug */,
				4E0C49171FBD9CF300C7A36B /* Release */,
			);
			defaultConfigurationIsVisible = 0;
			defaultConfigurationName = Release;
		};
		4E0C49181FBD9CF300C7A36B /* Build configuration list for PBXNativeTarget "arsample" */ = {
			isa = XCConfigurationList;
			buildConfigurations = (
				4E0C49191FBD9CF300C7A36B /* Debug */,
				4E0C491A1FBD9CF300C7A36B /* Release */,
			);
			defaultConfigurationIsVisible = 0;
			defaultConfigurationName = Release;
		};
		4E0C491B1FBD9CF300C7A36B /* Build configuration list for PBXNativeTarget "arsampleTests" */ = {
			isa = XCConfigurationList;
			buildConfigurations = (
				4E0C491C1FBD9CF300C7A36B /* Debug */,
				4E0C491D1FBD9CF300C7A36B /* Release */,
			);
			defaultConfigurationIsVisible = 0;
			defaultConfigurationName = Release;
		};
		4E0C491E1FBD9CF300C7A36B /* Build configuration list for PBXNativeTarget "arsampleUITests" */ = {
			isa = XCConfigurationList;
			buildConfigurations = (
				4E0C491F1FBD9CF300C7A36B /* Debug */,
				4E0C49201FBD9CF300C7A36B /* Release */,
			);
			defaultConfigurationIsVisible = 0;
			defaultConfigurationName = Release;
		};
/* End XCConfigurationList section */
	};
	rootObject = 4E0C48E81FBD9CF300C7A36B /* Project object */;
}
